
Microsoft Visual Studio Solution File, Format Version 12.00
# Visual Studio Version 17
VisualStudioVersion = 17.14.35806.103 d17.14
MinimumVisualStudioVersion = 10.0.40219.1
Project("{FAE04EC0-301F-11D3-BF4B-00C04F79EFBC}") = "ConhecimentoCsharp", "ConhecimentoCsharp\ConhecimentoCsharp.csproj", "{1257CFA9-2D07-49B5-BF87-499FE44E8984}"
EndProject
Global
	GlobalSection(SolutionConfigurationPlatforms) = preSolution
		Debug|Any CPU = Debug|Any CPU
		Release|Any CPU = Release|Any CPU
	EndGlobalSection
	GlobalSection(ProjectConfigurationPlatforms) = postSolution
		{1257CFA9-2D07-49B5-BF87-499FE44E8984}.Debug|Any CPU.ActiveCfg = Debug|Any CPU
		{1257CFA9-2D07-49B5-BF87-499FE44E8984}.Debug|Any CPU.Build.0 = Debug|Any CPU
		{1257CFA9-2D07-49B5-BF87-499FE44E8984}.Release|Any CPU.ActiveCfg = Release|Any CPU
		{1257CFA9-2D07-49B5-BF87-499FE44E8984}.Release|Any CPU.Build.0 = Release|Any CPU
	EndGlobalSection
	GlobalSection(SolutionProperties) = preSolution
		HideSolutionNode = FALSE
	EndGlobalSection
	GlobalSection(ExtensibilityGlobals) = postSolution
		SolutionGuid = {A83C257C-6C5B-42C7-9A6E-49334931826D}
	EndGlobalSection
EndGlobal
